{
    "_meta": {
        "hash": {
            "sha256": "2400a2672ce6d7e0acc1a087821fad185a01ae0cc89bfe8c1930be510f4fb77b"
        },
        "pipfile-spec": 6,
        "requires": {
            "python_version": "3.11"
        },
        "sources": [
            {
                "name": "pypi",
                "url": "https://pypi.org/simple",
                "verify_ssl": true
            }
        ]
    },
    "default": {
        "maturin": {
            "hashes": [
                "sha256:09d4f262f3adeeb4ce5efd89eb824f9bc3023ded157c6b8a2bf4293a5d23925f",
                "sha256:25586d8092a6ad12faca35596be441b7b5dc9cc3d32eeeb978ce9860d3087247",
                "sha256:6ef7872ed00a923eb8faf78206ce8a8606164b9663db682123609df0a3bb9293",
                "sha256:764eb486a93a50330ca6291d10c65f83fd0b2c31d5e323640126f5c638af85de",
                "sha256:76e41762af4a535ba3654df1ec4e43b5e6df15594dffcff26adae6ac187fff16",
                "sha256:80b0e0d44bf3eea862356cf8382394e81eac5da0067237b650e3214fd8bdd904",
                "sha256:9bfbf8d38acc77ba1a8392eb4e07e9fd330ec73ab8f8378471b4a5a3a05c208c",
                "sha256:a5d6c5aeb1af92eaef64ddb6b5f2f51baed80893d5700e62fbb943e081462c8e",
                "sha256:ace81e9572c8b29211c3356900d675a29656f395d9a5bb5939104d20bfd57c2f",
                "sha256:c74dbd049d77b17024547d35e2458c476d4960b7a3e4d03e0f574c5ae6054abb",
                "sha256:c9583b20efeaa5e51f67633bade70237af53a15662016943352398b7f4b9e7a0",
                "sha256:d062a779239829adc1fd157912ae4d2d24695843823e23c47ccd4ff5395c2b9c",
                "sha256:f1d4dace8d848da098cd4c7398f2480af9a6a2395f34f0cc4f7b726890d502e2"
            ],
            "index": "pypi",
            "version": "==0.14.13"
        }
    },
    "develop": {}
}
